
Microsoft Visual Studio Solution File, Format Version 12.00
# Visual Studio Version 17
VisualStudioVersion = 17.9.34728.123
MinimumVisualStudioVersion = 10.0.40219.1
Project("{FAE04EC0-301F-11D3-BF4B-00C04F79EFBC}") = "DHS.EQUIPMENT2", "DHS.EQUIPMENT2\DHS.EQUIPMENT2.csproj", "{D86F771F-ECFC-4619-A6C8-E451C8EA37FF}"
EndProject
Global
	GlobalSection(SolutionConfigurationPlatforms) = preSolution
		Debug|Any CPU = Debug|Any CPU
		Release|Any CPU = Release|Any CPU
	EndGlobalSection
	GlobalSection(ProjectConfigurationPlatforms) = postSolution
		{D86F771F-ECFC-4619-A6C8-E451C8EA37FF}.Debug|Any CPU.ActiveCfg = Debug|Any CPU
		{D86F771F-ECFC-4619-A6C8-E451C8EA37FF}.Debug|Any CPU.Build.0 = Debug|Any CPU
		{D86F771F-ECFC-4619-A6C8-E451C8EA37FF}.Release|Any CPU.ActiveCfg = Release|Any CPU
		{D86F771F-ECFC-4619-A6C8-E451C8EA37FF}.Release|Any CPU.Build.0 = Release|Any CPU
	EndGlobalSection
	GlobalSection(SolutionProperties) = preSolution
		HideSolutionNode = FALSE
	EndGlobalSection
	GlobalSection(ExtensibilityGlobals) = postSolution
		SolutionGuid = {7472CA79-B90D-4E27-8B0D-B85DB7DDDC88}
	EndGlobalSection
EndGlobal
